// !$*UTF8*$!
{
	archiveVersion = 1;
	classes = {
	};
	objectVersion = 56;
	objects = {

/* Begin PBXBuildFile section */
		481F2E052C1038AA0074DB27 /* .gitignore in Resources */ = {isa = PBXBuildFile; fileRef = 481F2E042C1038AA0074DB27 /* .gitignore */; };
		481F2E072C103A430074DB27 /* LotteryViewController.swift in Sources */ = {isa = PBXBuildFile; fileRef = 481F2E062C103A430074DB27 /* LotteryViewController.swift */; };
		481F2E0A2C103ABD0074DB27 /* APIKey.swift in Sources */ = {isa = PBXBuildFile; fileRef = 481F2E092C103ABD0074DB27 /* APIKey.swift */; };
		481F2E0D2C10411E0074DB27 /* Alamofire in Frameworks */ = {isa = PBXBuildFile; productRef = 481F2E0C2C10411E0074DB27 /* Alamofire */; };
		481F2E102C1069160074DB27 /* MovieListViewController.swift in Sources */ = {isa = PBXBuildFile; fileRef = 481F2E0F2C1069160074DB27 /* MovieListViewController.swift */; };
		481F2E122C106D5E0074DB27 /* extension.swift in Sources */ = {isa = PBXBuildFile; fileRef = 481F2E112C106D5E0074DB27 /* extension.swift */; };
		481F2E142C10AAC30074DB27 /* MovieModel.swift in Sources */ = {isa = PBXBuildFile; fileRef = 481F2E132C10AAC30074DB27 /* MovieModel.swift */; };
		481F2E162C10B31A0074DB27 /* MovieListCell.swift in Sources */ = {isa = PBXBuildFile; fileRef = 481F2E152C10B31A0074DB27 /* MovieListCell.swift */; };
		486F35B32C0F152E0009C21E /* AppDelegate.swift in Sources */ = {isa = PBXBuildFile; fileRef = 486F35B22C0F152E0009C21E /* AppDelegate.swift */; };
		486F35B52C0F152E0009C21E /* SceneDelegate.swift in Sources */ = {isa = PBXBuildFile; fileRef = 486F35B42C0F152E0009C21E /* SceneDelegate.swift */; };
		486F35B72C0F152E0009C21E /* ViewController.swift in Sources */ = {isa = PBXBuildFile; fileRef = 486F35B62C0F152E0009C21E /* ViewController.swift */; };
		486F35BA2C0F152E0009C21E /* Base in Resources */ = {isa = PBXBuildFile; fileRef = 486F35B92C0F152E0009C21E /* Base */; };
		486F35BC2C0F15300009C21E /* Assets.xcassets in Resources */ = {isa = PBXBuildFile; fileRef = 486F35BB2C0F15300009C21E /* Assets.xcassets */; };
		486F35BF2C0F15300009C21E /* Base in Resources */ = {isa = PBXBuildFile; fileRef = 486F35BE2C0F15300009C21E /* Base */; };
		486F35C82C0F15590009C21E /* SnapKit in Frameworks */ = {isa = PBXBuildFile; productRef = 486F35C72C0F15590009C21E /* SnapKit */; };
		486F35CA2C0F22470009C21E /* JackFlixViewController.swift in Sources */ = {isa = PBXBuildFile; fileRef = 486F35C92C0F22470009C21E /* JackFlixViewController.swift */; };
/* End PBXBuildFile section */

/* Begin PBXFileReference section */
		481F2E042C1038AA0074DB27 /* .gitignore */ = {isa = PBXFileReference; lastKnownFileType = text; path = .gitignore; sourceTree = "<group>"; };
		481F2E062C103A430074DB27 /* LotteryViewController.swift */ = {isa = PBXFileReference; lastKnownFileType = sourcecode.swift; path = LotteryViewController.swift; sourceTree = "<group>"; };
		481F2E092C103ABD0074DB27 /* APIKey.swift */ = {isa = PBXFileReference; lastKnownFileType = sourcecode.swift; path = APIKey.swift; sourceTree = "<group>"; };
		481F2E0F2C1069160074DB27 /* MovieListViewController.swift */ = {isa = PBXFileReference; lastKnownFileType = sourcecode.swift; path = MovieListViewController.swift; sourceTree = "<group>"; };
		481F2E112C106D5E0074DB27 /* extension.swift */ = {isa = PBXFileReference; lastKnownFileType = sourcecode.swift; path = extension.swift; sourceTree = "<group>"; };
		481F2E132C10AAC30074DB27 /* MovieModel.swift */ = {isa = PBXFileReference; lastKnownFileType = sourcecode.swift; path = MovieModel.swift; sourceTree = "<group>"; };
		481F2E152C10B31A0074DB27 /* MovieListCell.swift */ = {isa = PBXFileReference; lastKnownFileType = sourcecode.swift; path = MovieListCell.swift; sourceTree = "<group>"; };
		486F35AF2C0F152E0009C21E /* 240604_MediaProject.app */ = {isa = PBXFileReference; explicitFileType = wrapper.application; includeInIndex = 0; path = 240604_MediaProject.app; sourceTree = BUILT_PRODUCTS_DIR; };
		486F35B22C0F152E0009C21E /* AppDelegate.swift */ = {isa = PBXFileReference; lastKnownFileType = sourcecode.swift; path = AppDelegate.swift; sourceTree = "<group>"; };
		486F35B42C0F152E0009C21E /* SceneDelegate.swift */ = {isa = PBXFileReference; lastKnownFileType = sourcecode.swift; path = SceneDelegate.swift; sourceTree = "<group>"; };
		486F35B62C0F152E0009C21E /* ViewController.swift */ = {isa = PBXFileReference; lastKnownFileType = sourcecode.swift; path = ViewController.swift; sourceTree = "<group>"; };
		486F35B92C0F152E0009C21E /* Base */ = {isa = PBXFileReference; lastKnownFileType = file.storyboard; name = Base; path = Base.lproj/Main.storyboard; sourceTree = "<group>"; };
		486F35BB2C0F15300009C21E /* Assets.xcassets */ = {isa = PBXFileReference; lastKnownFileType = folder.assetcatalog; path = Assets.xcassets; sourceTree = "<group>"; };
		486F35BE2C0F15300009C21E /* Base */ = {isa = PBXFileReference; lastKnownFileType = file.storyboard; name = Base; path = Base.lproj/LaunchScreen.storyboard; sourceTree = "<group>"; };
		486F35C02C0F15300009C21E /* Info.plist */ = {isa = PBXFileReference; lastKnownFileType = text.plist.xml; path = Info.plist; sourceTree = "<group>"; };
		486F35C92C0F22470009C21E /* JackFlixViewController.swift */ = {isa = PBXFileReference; lastKnownFileType = sourcecode.swift; path = JackFlixViewController.swift; sourceTree = "<group>"; };
/* End PBXFileReference section */

/* Begin PBXFrameworksBuildPhase section */
		486F35AC2C0F152E0009C21E /* Frameworks */ = {
			isa = PBXFrameworksBuildPhase;
			buildActionMask = 2147483647;
			files = (
				486F35C82C0F15590009C21E /* SnapKit in Frameworks */,
				481F2E0D2C10411E0074DB27 /* Alamofire in Frameworks */,
			);
			runOnlyForDeploymentPostprocessing = 0;
		};
/* End PBXFrameworksBuildPhase section */

/* Begin PBXGroup section */
		481F2E082C103A680074DB27 /* Lottery */ = {
			isa = PBXGroup;
			children = (
				481F2E062C103A430074DB27 /* LotteryViewController.swift */,
			);
			path = Lottery;
			sourceTree = "<group>";
		};
		481F2E0E2C1068E80074DB27 /* MovieList */ = {
			isa = PBXGroup;
			children = (
				481F2E0F2C1069160074DB27 /* MovieListViewController.swift */,
				481F2E132C10AAC30074DB27 /* MovieModel.swift */,
				481F2E152C10B31A0074DB27 /* MovieListCell.swift */,
			);
			path = MovieList;
			sourceTree = "<group>";
		};
		486F35A62C0F152E0009C21E = {
			isa = PBXGroup;
			children = (
				481F2E042C1038AA0074DB27 /* .gitignore */,
				486F35B12C0F152E0009C21E /* 240604_MediaProject */,
				486F35B02C0F152E0009C21E /* Products */,
			);
			sourceTree = "<group>";
		};
		486F35B02C0F152E0009C21E /* Products */ = {
			isa = PBXGroup;
			children = (
				486F35AF2C0F152E0009C21E /* 240604_MediaProject.app */,
			);
			name = Products;
			sourceTree = "<group>";
		};
		486F35B12C0F152E0009C21E /* 240604_MediaProject */ = {
			isa = PBXGroup;
			children = (
				481F2E0E2C1068E80074DB27 /* MovieList */,
				481F2E082C103A680074DB27 /* Lottery */,
				486F35B22C0F152E0009C21E /* AppDelegate.swift */,
				486F35B42C0F152E0009C21E /* SceneDelegate.swift */,
				486F35B62C0F152E0009C21E /* ViewController.swift */,
				486F35B82C0F152E0009C21E /* Main.storyboard */,
				486F35BB2C0F15300009C21E /* Assets.xcassets */,
				486F35BD2C0F15300009C21E /* LaunchScreen.storyboard */,
				486F35C02C0F15300009C21E /* Info.plist */,
				486F35C92C0F22470009C21E /* JackFlixViewController.swift */,
				481F2E092C103ABD0074DB27 /* APIKey.swift */,
				481F2E112C106D5E0074DB27 /* extension.swift */,
			);
			path = 240604_MediaProject;
			sourceTree = "<group>";
		};
/* End PBXGroup section */

/* Begin PBXNativeTarget section */
		486F35AE2C0F152E0009C21E /* 240604_MediaProject */ = {
			isa = PBXNativeTarget;
			buildConfigurationList = 486F35C32C0F15300009C21E /* Build configuration list for PBXNativeTarget "240604_MediaProject" */;
			buildPhases = (
				486F35AB2C0F152E0009C21E /* Sources */,
				486F35AC2C0F152E0009C21E /* Frameworks */,
				486F35AD2C0F152E0009C21E /* Resources */,
			);
			buildRules = (
			);
			dependencies = (
			);
			name = 240604_MediaProject;
			packageProductDependencies = (
				486F35C72C0F15590009C21E /* SnapKit */,
				481F2E0C2C10411E0074DB27 /* Alamofire */,
			);
			productName = 240604_MediaProject;
			productReference = 486F35AF2C0F152E0009C21E /* 240604_MediaProject.app */;
			productType = "com.apple.product-type.application";
		};
/* End PBXNativeTarget section */

/* Begin PBXProject section */
		486F35A72C0F152E0009C21E /* Project object */ = {
			isa = PBXProject;
			attributes = {
				BuildIndependentTargetsInParallel = 1;
				LastSwiftUpdateCheck = 1530;
				LastUpgradeCheck = 1530;
				TargetAttributes = {
					486F35AE2C0F152E0009C21E = {
						CreatedOnToolsVersion = 15.3;
					};
				};
			};
			buildConfigurationList = 486F35AA2C0F152E0009C21E /* Build configuration list for PBXProject "240604_MediaProject" */;
			compatibilityVersion = "Xcode 14.0";
			developmentRegion = en;
			hasScannedForEncodings = 0;
			knownRegions = (
				en,
				Base,
			);
			mainGroup = 486F35A62C0F152E0009C21E;
			packageReferences = (
				486F35C62C0F15590009C21E /* XCRemoteSwiftPackageReference "SnapKit" */,
				481F2E0B2C10411E0074DB27 /* XCRemoteSwiftPackageReference "Alamofire" */,
			);
			productRefGroup = 486F35B02C0F152E0009C21E /* Products */;
			projectDirPath = "";
			projectRoot = "";
			targets = (
				486F35AE2C0F152E0009C21E /* 240604_MediaProject */,
			);
		};
/* End PBXProject section */

/* Begin PBXResourcesBuildPhase section */
		486F35AD2C0F152E0009C21E /* Resources */ = {
			isa = PBXResourcesBuildPhase;
			buildActionMask = 2147483647;
			files = (
				481F2E052C1038AA0074DB27 /* .gitignore in Resources */,
				486F35BC2C0F15300009C21E /* Assets.xcassets in Resources */,
				486F35BF2C0F15300009C21E /* Base in Resources */,
				486F35BA2C0F152E0009C21E /* Base in Resources */,
			);
			runOnlyForDeploymentPostprocessing = 0;
		};
/* End PBXResourcesBuildPhase section */

/* Begin PBXSourcesBuildPhase section */
		486F35AB2C0F152E0009C21E /* Sources */ = {
			isa = PBXSourcesBuildPhase;
			buildActionMask = 2147483647;
			files = (
				481F2E162C10B31A0074DB27 /* MovieListCell.swift in Sources */,
				481F2E142C10AAC30074DB27 /* MovieModel.swift in Sources */,
				486F35B72C0F152E0009C21E /* ViewController.swift in Sources */,
				486F35B32C0F152E0009C21E /* AppDelegate.swift in Sources */,
				486F35CA2C0F22470009C21E /* JackFlixViewController.swift in Sources */,
				486F35B52C0F152E0009C21E /* SceneDelegate.swift in Sources */,
				481F2E102C1069160074DB27 /* MovieListViewController.swift in Sources */,
				481F2E0A2C103ABD0074DB27 /* APIKey.swift in Sources */,
				481F2E072C103A430074DB27 /* LotteryViewController.swift in Sources */,
				481F2E122C106D5E0074DB27 /* extension.swift in Sources */,
			);
			runOnlyForDeploymentPostprocessing = 0;
		};
/* End PBXSourcesBuildPhase section */

/* Begin PBXVariantGroup section */
		486F35B82C0F152E0009C21E /* Main.storyboard */ = {
			isa = PBXVariantGroup;
			children = (
				486F35B92C0F152E0009C21E /* Base */,
			);
			name = Main.storyboard;
			sourceTree = "<group>";
		};
		486F35BD2C0F15300009C21E /* LaunchScreen.storyboard */ = {
			isa = PBXVariantGroup;
			children = (
				486F35BE2C0F15300009C21E /* Base */,
			);
			name = LaunchScreen.storyboard;
			sourceTree = "<group>";
		};
/* End PBXVariantGroup section */

/* Begin XCBuildConfiguration section */
		486F35C12C0F15300009C21E /* Debug */ = {
			isa = XCBuildConfiguration;
			buildSettings = {
				ALWAYS_SEARCH_USER_PATHS = NO;
				ASSETCATALOG_COMPILER_GENERATE_SWIFT_ASSET_SYMBOL_EXTENSIONS = YES;
				CLANG_ANALYZER_NONNULL = YES;
				CLANG_ANALYZER_NUMBER_OBJECT_CONVERSION = YES_AGGRESSIVE;
				CLANG_CXX_LANGUAGE_STANDARD = "gnu++20";
				CLANG_ENABLE_MODULES = YES;
				CLANG_ENABLE_OBJC_ARC = YES;
				CLANG_ENABLE_OBJC_WEAK = YES;
				CLANG_WARN_BLOCK_CAPTURE_AUTORELEASING = YES;
				CLANG_WARN_BOOL_CONVERSION = YES;
				CLANG_WARN_COMMA = YES;
				CLANG_WARN_CONSTANT_CONVERSION = YES;
				CLANG_WARN_DEPRECATED_OBJC_IMPLEMENTATIONS = YES;
				CLANG_WARN_DIRECT_OBJC_ISA_USAGE = YES_ERROR;
				CLANG_WARN_DOCUMENTATION_COMMENTS = YES;
				CLANG_WARN_EMPTY_BODY = YES;
				CLANG_WARN_ENUM_CONVERSION = YES;
				CLANG_WARN_INFINITE_RECURSION = YES;
				CLANG_WARN_INT_CONVERSION = YES;
				CLANG_WARN_NON_LITERAL_NULL_CONVERSION = YES;
				CLANG_WARN_OBJC_IMPLICIT_RETAIN_SELF = YES;
				CLANG_WARN_OBJC_LITERAL_CONVERSION = YES;
				CLANG_WARN_OBJC_ROOT_CLASS = YES_ERROR;
				CLANG_WARN_QUOTED_INCLUDE_IN_FRAMEWORK_HEADER = YES;
				CLANG_WARN_RANGE_LOOP_ANALYSIS = YES;
				CLANG_WARN_STRICT_PROTOTYPES = YES;
				CLANG_WARN_SUSPICIOUS_MOVE = YES;
				CLANG_WARN_UNGUARDED_AVAILABILITY = YES_AGGRESSIVE;
				CLANG_WARN_UNREACHABLE_CODE = YES;
				CLANG_WARN__DUPLICATE_METHOD_MATCH = YES;
				COPY_PHASE_STRIP = NO;
				DEBUG_INFORMATION_FORMAT = dwarf;
				ENABLE_STRICT_OBJC_MSGSEND = YES;
				ENABLE_TESTABILITY = YES;
				ENABLE_USER_SCRIPT_SANDBOXING = YES;
				GCC_C_LANGUAGE_STANDARD = gnu17;
				GCC_DYNAMIC_NO_PIC = NO;
				GCC_NO_COMMON_BLOCKS = YES;
				GCC_OPTIMIZATION_LEVEL = 0;
				GCC_PREPROCESSOR_DEFINITIONS = (
					"DEBUG=1",
					"$(inherited)",
				);
				GCC_WARN_64_TO_32_BIT_CONVERSION = YES;
				GCC_WARN_ABOUT_RETURN_TYPE = YES_ERROR;
				GCC_WARN_UNDECLARED_SELECTOR = YES;
				GCC_WARN_UNINITIALIZED_AUTOS = YES_AGGRESSIVE;
				GCC_WARN_UNUSED_FUNCTION = YES;
				GCC_WARN_UNUSED_VARIABLE = YES;
				IPHONEOS_DEPLOYMENT_TARGET = 17.4;
				LOCALIZATION_PREFERS_STRING_CATALOGS = YES;
				MTL_ENABLE_DEBUG_INFO = INCLUDE_SOURCE;
				MTL_FAST_MATH = YES;
				ONLY_ACTIVE_ARCH = YES;
				SDKROOT = iphoneos;
				SWIFT_ACTIVE_COMPILATION_CONDITIONS = "DEBUG $(inherited)";
				SWIFT_OPTIMIZATION_LEVEL = "-Onone";
			};
			name = Debug;
		};
		486F35C22C0F15300009C21E /* Release */ = {
			isa = XCBuildConfiguration;
			buildSettings = {
				ALWAYS_SEARCH_USER_PATHS = NO;
				ASSETCATALOG_COMPILER_GENERATE_SWIFT_ASSET_SYMBOL_EXTENSIONS = YES;
				CLANG_ANALYZER_NONNULL = YES;
				CLANG_ANALYZER_NUMBER_OBJECT_CONVERSION = YES_AGGRESSIVE;
				CLANG_CXX_LANGUAGE_STANDARD = "gnu++20";
				CLANG_ENABLE_MODULES = YES;
				CLANG_ENABLE_OBJC_ARC = YES;
				CLANG_ENABLE_OBJC_WEAK = YES;
				CLANG_WARN_BLOCK_CAPTURE_AUTORELEASING = YES;
				CLANG_WARN_BOOL_CONVERSION = YES;
				CLANG_WARN_COMMA = YES;
				CLANG_WARN_CONSTANT_CONVERSION = YES;
				CLANG_WARN_DEPRECATED_OBJC_IMPLEMENTATIONS = YES;
				CLANG_WARN_DIRECT_OBJC_ISA_USAGE = YES_ERROR;
				CLANG_WARN_DOCUMENTATION_COMMENTS = YES;
				CLANG_WARN_EMPTY_BODY = YES;
				CLANG_WARN_ENUM_CONVERSION = YES;
				CLANG_WARN_INFINITE_RECURSION = YES;
				CLANG_WARN_INT_CONVERSION = YES;
				CLANG_WARN_NON_LITERAL_NULL_CONVERSION = YES;
				CLANG_WARN_OBJC_IMPLICIT_RETAIN_SELF = YES;
				CLANG_WARN_OBJC_LITERAL_CONVERSION = YES;
				CLANG_WARN_OBJC_ROOT_CLASS = YES_ERROR;
				CLANG_WARN_QUOTED_INCLUDE_IN_FRAMEWORK_HEADER = YES;
				CLANG_WARN_RANGE_LOOP_ANALYSIS = YES;
				CLANG_WARN_STRICT_PROTOTYPES = YES;
				CLANG_WARN_SUSPICIOUS_MOVE = YES;
				CLANG_WARN_UNGUARDED_AVAILABILITY = YES_AGGRESSIVE;
				CLANG_WARN_UNREACHABLE_CODE = YES;
				CLANG_WARN__DUPLICATE_METHOD_MATCH = YES;
				COPY_PHASE_STRIP = NO;
				DEBUG_INFORMATION_FORMAT = "dwarf-with-dsym";
				ENABLE_NS_ASSERTIONS = NO;
				ENABLE_STRICT_OBJC_MSGSEND = YES;
				ENABLE_USER_SCRIPT_SANDBOXING = YES;
				GCC_C_LANGUAGE_STANDARD = gnu17;
				GCC_NO_COMMON_BLOCKS = YES;
				GCC_WARN_64_TO_32_BIT_CONVERSION = YES;
				GCC_WARN_ABOUT_RETURN_TYPE = YES_ERROR;
				GCC_WARN_UNDECLARED_SELECTOR = YES;
				GCC_WARN_UNINITIALIZED_AUTOS = YES_AGGRESSIVE;
				GCC_WARN_UNUSED_FUNCTION = YES;
				GCC_WARN_UNUSED_VARIABLE = YES;
				IPHONEOS_DEPLOYMENT_TARGET = 17.4;
				LOCALIZATION_PREFERS_STRING_CATALOGS = YES;
				MTL_ENABLE_DEBUG_INFO = NO;
				MTL_FAST_MATH = YES;
				SDKROOT = iphoneos;
				SWIFT_COMPILATION_MODE = wholemodule;
				VALIDATE_PRODUCT = YES;
			};
			name = Release;
		};
		486F35C42C0F15300009C21E /* Debug */ = {
			isa = XCBuildConfiguration;
			buildSettings = {
				ASSETCATALOG_COMPILER_APPICON_NAME = AppIcon;
				ASSETCATALOG_COMPILER_GLOBAL_ACCENT_COLOR_NAME = AccentColor;
				CODE_SIGN_STYLE = Automatic;
				CURRENT_PROJECT_VERSION = 1;
				DEVELOPMENT_TEAM = U4HJYQP2ZD;
				GENERATE_INFOPLIST_FILE = YES;
				INFOPLIST_FILE = 240604_MediaProject/Info.plist;
				INFOPLIST_KEY_UIApplicationSupportsIndirectInputEvents = YES;
				INFOPLIST_KEY_UILaunchStoryboardName = LaunchScreen;
				INFOPLIST_KEY_UIMainStoryboardFile = Main;
				INFOPLIST_KEY_UISupportedInterfaceOrientations = UIInterfaceOrientationPortrait;
				INFOPLIST_KEY_UISupportedInterfaceOrientations_iPad = "UIInterfaceOrientationLandscapeLeft UIInterfaceOrientationLandscapeRight UIInterfaceOrientationPortrait UIInterfaceOrientationPortraitUpsideDown";
				IPHONEOS_DEPLOYMENT_TARGET = 16.0;
				LD_RUNPATH_SEARCH_PATHS = (
					"$(inherited)",
					"@executable_path/Frameworks",
				);
				MARKETING_VERSION = 1.0;
				PRODUCT_BUNDLE_IDENTIFIER = "com.dahyun.-40604-MediaProject";
				PRODUCT_NAME = "$(TARGET_NAME)";
				SUPPORTED_PLATFORMS = "iphoneos iphonesimulator";
				SUPPORTS_MACCATALYST = NO;
				SUPPORTS_MAC_DESIGNED_FOR_IPHONE_IPAD = NO;
				SUPPORTS_XR_DESIGNED_FOR_IPHONE_IPAD = NO;
				SWIFT_EMIT_LOC_STRINGS = YES;
				SWIFT_VERSION = 5.0;
				TARGETED_DEVICE_FAMILY = 1;
			};
			name = Debug;
		};
		486F35C52C0F15300009C21E /* Release */ = {
			isa = XCBuildConfiguration;
			buildSettings = {
				ASSETCATALOG_COMPILER_APPICON_NAME = AppIcon;
				ASSETCATALOG_COMPILER_GLOBAL_ACCENT_COLOR_NAME = AccentColor;
				CODE_SIGN_STYLE = Automatic;
				CURRENT_PROJECT_VERSION = 1;
				DEVELOPMENT_TEAM = U4HJYQP2ZD;
				GENERATE_INFOPLIST_FILE = YES;
				INFOPLIST_FILE = 240604_MediaProject/Info.plist;
				INFOPLIST_KEY_UIApplicationSupportsIndirectInputEvents = YES;
				INFOPLIST_KEY_UILaunchStoryboardName = LaunchScreen;
				INFOPLIST_KEY_UIMainStoryboardFile = Main;
				INFOPLIST_KEY_UISupportedInterfaceOrientations = UIInterfaceOrientationPortrait;
				INFOPLIST_KEY_UISupportedInterfaceOrientations_iPad = "UIInterfaceOrientationLandscapeLeft UIInterfaceOrientationLandscapeRight UIInterfaceOrientationPortrait UIInterfaceOrientationPortraitUpsideDown";
				IPHONEOS_DEPLOYMENT_TARGET = 16.0;
				LD_RUNPATH_SEARCH_PATHS = (
					"$(inherited)",
					"@executable_path/Frameworks",
				);
				MARKETING_VERSION = 1.0;
				PRODUCT_BUNDLE_IDENTIFIER = "com.dahyun.-40604-MediaProject";
				PRODUCT_NAME = "$(TARGET_NAME)";
				SUPPORTED_PLATFORMS = "iphoneos iphonesimulator";
				SUPPORTS_MACCATALYST = NO;
				SUPPORTS_MAC_DESIGNED_FOR_IPHONE_IPAD = NO;
				SUPPORTS_XR_DESIGNED_FOR_IPHONE_IPAD = NO;
				SWIFT_EMIT_LOC_STRINGS = YES;
				SWIFT_VERSION = 5.0;
				TARGETED_DEVICE_FAMILY = 1;
			};
			name = Release;
		};
/* End XCBuildConfiguration section */

/* Begin XCConfigurationList section */
		486F35AA2C0F152E0009C21E /* Build configuration list for PBXProject "240604_MediaProject" */ = {
			isa = XCConfigurationList;
			buildConfigurations = (
				486F35C12C0F15300009C21E /* Debug */,
				486F35C22C0F15300009C21E /* Release */,
			);
			defaultConfigurationIsVisible = 0;
			defaultConfigurationName = Release;
		};
		486F35C32C0F15300009C21E /* Build configuration list for PBXNativeTarget "240604_MediaProject" */ = {
			isa = XCConfigurationList;
			buildConfigurations = (
				486F35C42C0F15300009C21E /* Debug */,
				486F35C52C0F15300009C21E /* Release */,
			);
			defaultConfigurationIsVisible = 0;
			defaultConfigurationName = Release;
		};
/* End XCConfigurationList section */

/* Begin XCRemoteSwiftPackageReference section */
		481F2E0B2C10411E0074DB27 /* XCRemoteSwiftPackageReference "Alamofire" */ = {
			isa = XCRemoteSwiftPackageReference;
			repositoryURL = "https://github.com/Alamofire/Alamofire.git";
			requirement = {
				kind = upToNextMajorVersion;
				minimumVersion = 5.9.1;
			};
		};
		486F35C62C0F15590009C21E /* XCRemoteSwiftPackageReference "SnapKit" */ = {
			isa = XCRemoteSwiftPackageReference;
			repositoryURL = "https://github.com/SnapKit/SnapKit.git";
			requirement = {
				kind = upToNextMajorVersion;
				minimumVersion = 5.7.1;
			};
		};
/* End XCRemoteSwiftPackageReference section */

/* Begin XCSwiftPackageProductDependency section */
		481F2E0C2C10411E0074DB27 /* Alamofire */ = {
			isa = XCSwiftPackageProductDependency;
			package = 481F2E0B2C10411E0074DB27 /* XCRemoteSwiftPackageReference "Alamofire" */;
			productName = Alamofire;
		};
		486F35C72C0F15590009C21E /* SnapKit */ = {
			isa = XCSwiftPackageProductDependency;
			package = 486F35C62C0F15590009C21E /* XCRemoteSwiftPackageReference "SnapKit" */;
			productName = SnapKit;
		};
/* End XCSwiftPackageProductDependency section */
	};
	rootObject = 486F35A72C0F152E0009C21E /* Project object */;
}
